<?xml version="1.0" encoding="utf-8"?>
<Project ToolsVersion="4.0" xmlns="http://schemas.microsoft.com/developer/msbuild/2003">
  <ItemGroup>
    <Filter Include="Source Files">
      <UniqueIdentifier>{4FC737F1-C7A5-4376-A066-2A32D752A2FF}</UniqueIdentifier>
      <Extensions>cpp;c;cc;cxx;def;odl;idl;hpj;bat;asm;asmx</Extensions>
    </Filter>
    <Filter Include="Header Files">
      <UniqueIdentifier>{93995380-89BD-4b04-88EB-625FBE52EBFB}</UniqueIdentifier>
      <Extensions>h;hh;hpp;hxx;hm;inl;inc;xsd</Extensions>
    </Filter>
    <Filter Include="Resource Files">
      <UniqueIdentifier>{67DA6AB6-F800-4c08-8B7A-83BB121AAD01}</UniqueIdentifier>
      <Extensions>rc;ico;cur;bmp;dlg;rc2;rct;bin;rgs;gif;jpg;jpeg;jpe;resx;tiff;tif;png;wav</Extensions>
    </Filter>
  </ItemGroup>
  <ItemGroup>
    <ClCompile Include="the invasion\Ente.cpp">
      <Filter>Source Files</Filter>
    </ClCompile>
    <ClCompile Include="the invasion\main.cpp">
      <Filter>Source Files</Filter>
    </ClCompile>
    <ClCompile Include="the invasion\Principal.cpp">
      <Filter>Source Files</Filter>
    </ClCompile>
    <ClCompile Include="the invasion\entidades\Entidade.cpp">
      <Filter>Source Files</Filter>
    </ClCompile>
    <ClCompile Include="the invasion\entidades\obstaculos\Obstaculo.cpp">
      <Filter>Source Files</Filter>
    </ClCompile>
    <ClCompile Include="the invasion\entidades\personagens\Inimigo.cpp">
      <Filter>Source Files</Filter>
    </ClCompile>
    <ClCompile Include="the invasion\entidades\personagens\Jogador.cpp">
      <Filter>Source Files</Filter>
    </ClCompile>
    <ClCompile Include="the invasion\entidades\personagens\Personagem.cpp">
      <Filter>Source Files</Filter>
    </ClCompile>
    <ClCompile Include="The Invasion\Gerenciadores\GerenciadorGrafico.cpp">
      <Filter>Source Files</Filter>
    </ClCompile>
    <ClCompile Include="The Invasion\Gerenciadores\Gerenciador_Colisoes.cpp">
      <Filter>Source Files</Filter>
    </ClCompile>
    <ClCompile Include="The Invasion\Entidades\Obstaculos\Plataforma.cpp">
      <Filter>Source Files</Filter>
    </ClCompile>
    <ClCompile Include="The Invasion\Entidades\Obstaculos\Espinhos.cpp">
      <Filter>Source Files</Filter>
    </ClCompile>
    <ClCompile Include="The Invasion\Entidades\Obstaculos\Caixa.cpp">
      <Filter>Source Files</Filter>
    </ClCompile>
    <ClCompile Include="The Invasion\Listas\ListaEntidades.cpp">
      <Filter>Source Files</Filter>
    </ClCompile>
    <ClCompile Include="The Invasion\Entidades\Personagens\Cachorro.cpp">
      <Filter>Source Files</Filter>
    </ClCompile>
    <ClCompile Include="The Invasion\Entidades\Personagens\Lenhador.cpp">
      <Filter>Source Files</Filter>
    </ClCompile>
    <ClCompile Include="The Invasion\Entidades\Personagens\Soldado.cpp">
      <Filter>Source Files</Filter>
    </ClCompile>
    <ClCompile Include="The Invasion\Fases\Fase.cpp">
      <Filter>Source Files</Filter>
    </ClCompile>
    <ClCompile Include="The Invasion\Fases\Fase1.cpp">
      <Filter>Source Files</Filter>
    </ClCompile>
    <ClCompile Include="The Invasion\Fases\Fase2.cpp">
      <Filter>Source Files</Filter>
    </ClCompile>
    <ClCompile Include="The Invasion\Gerenciadores\GerenciadorEvento.cpp">
      <Filter>Source Files</Filter>
    </ClCompile>
    <ClCompile Include="The Invasion\Gerenciadores\GerenciadorEstado.cpp">
      <Filter>Source Files</Filter>
    </ClCompile>
    <ClCompile Include="The Invasion\Estados\Menu.cpp">
      <Filter>Source Files</Filter>
    </ClCompile>
    <ClCompile Include="The Invasion\Estados\EstadoJogar.cpp">
      <Filter>Source Files</Filter>
    </ClCompile>
    <ClCompile Include="The Invasion\Estados\MenuPrincipal.cpp">
      <Filter>Source Files</Filter>
    </ClCompile>
    <ClCompile Include="The Invasion\Estados\MenuPause.cpp">
      <Filter>Source Files</Filter>
    </ClCompile>
    <ClCompile Include="The Invasion\Estados\GameOver.cpp">
      <Filter>Source Files</Filter>
    </ClCompile>
    <ClCompile Include="The Invasion\Entidades\Projetil.cpp">
      <Filter>Source Files</Filter>
    </ClCompile>
    <ClCompile Include="The Invasion\Estados\Ranking.cpp">
      <Filter>Source Files</Filter>
    </ClCompile>
  </ItemGroup>
  <ItemGroup>
    <ClInclude Include="the invasion\Ente.h">
      <Filter>Header Files</Filter>
    </ClInclude>
    <ClInclude Include="the invasion\Principal.h">
      <Filter>Header Files</Filter>
    </ClInclude>
    <ClInclude Include="the invasion\stdafx.h">
      <Filter>Header Files</Filter>
    </ClInclude>
    <ClInclude Include="the invasion\entidades\Entidade.h">
      <Filter>Header Files</Filter>
    </ClInclude>
    <ClInclude Include="the invasion\entidades\obstaculos\Obstaculo.h">
      <Filter>Header Files</Filter>
    </ClInclude>
    <ClInclude Include="the invasion\entidades\personagens\Inimigo.h">
      <Filter>Header Files</Filter>
    </ClInclude>
    <ClInclude Include="the invasion\entidades\personagens\Jogador.h">
      <Filter>Header Files</Filter>
    </ClInclude>
    <ClInclude Include="the invasion\entidades\personagens\Personagem.h">
      <Filter>Header Files</Filter>
    </ClInclude>
    <ClInclude Include="The Invasion\Gerenciadores\GerenciadorGrafico.h">
      <Filter>Header Files</Filter>
    </ClInclude>
    <ClInclude Include="The Invasion\Listas\Lista.h">
      <Filter>Header Files</Filter>
    </ClInclude>
    <ClInclude Include="The Invasion\Gerenciadores\Gerenciador_Colisoes.h">
      <Filter>Header Files</Filter>
    </ClInclude>
    <ClInclude Include="The Invasion\Entidades\Obstaculos\Plataforma.h">
      <Filter>Header Files</Filter>
    </ClInclude>
    <ClInclude Include="The Invasion\Entidades\Obstaculos\Espinhos.h">
      <Filter>Header Files</Filter>
    </ClInclude>
    <ClInclude Include="The Invasion\Entidades\Obstaculos\Caixa.h">
      <Filter>Header Files</Filter>
    </ClInclude>
    <ClInclude Include="The Invasion\Listas\ListaEntidades.h">
      <Filter>Header Files</Filter>
    </ClInclude>
    <ClInclude Include="The Invasion\Entidades\Personagens\Cachorro.h">
      <Filter>Header Files</Filter>
    </ClInclude>
    <ClInclude Include="The Invasion\Entidades\Personagens\Lenhador.h">
      <Filter>Header Files</Filter>
    </ClInclude>
    <ClInclude Include="The Invasion\Entidades\Personagens\Soldado.h">
      <Filter>Header Files</Filter>
    </ClInclude>
    <ClInclude Include="The Invasion\Fases\Fase.h">
      <Filter>Header Files</Filter>
    </ClInclude>
    <ClInclude Include="The Invasion\Fases\Fase1.h">
      <Filter>Header Files</Filter>
    </ClInclude>
    <ClInclude Include="The Invasion\Fases\Fase2.h">
      <Filter>Header Files</Filter>
    </ClInclude>
    <ClInclude Include="The Invasion\Gerenciadores\GerenciadorEvento.h">
      <Filter>Header Files</Filter>
    </ClInclude>
    <ClInclude Include="The Invasion\Gerenciadores\GerenciadorEstado.h">
      <Filter>Header Files</Filter>
    </ClInclude>
    <ClInclude Include="The Invasion\Estados\Menu.h">
      <Filter>Header Files</Filter>
    </ClInclude>
    <ClInclude Include="The Invasion\Estados\EstadoJogar.h">
      <Filter>Header Files</Filter>
    </ClInclude>
    <ClInclude Include="The Invasion\Estados\MenuPrincipal.h">
      <Filter>Header Files</Filter>
    </ClInclude>
    <ClInclude Include="The Invasion\Estados\MenuPause.h">
      <Filter>Header Files</Filter>
    </ClInclude>
    <ClInclude Include="The Invasion\Estados\GameOver.h">
      <Filter>Header Files</Filter>
    </ClInclude>
    <ClInclude Include="The Invasion\Entidades\Projetil.h">
      <Filter>Header Files</Filter>
    </ClInclude>
    <ClInclude Include="The Invasion\Estados\Ranking.h">
      <Filter>Header Files</Filter>
    </ClInclude>
  </ItemGroup>
</Project>