<?xml version="1.0" encoding="UTF-8" standalone="yes" ?>
<CodeBlocks_project_file>
	<FileVersion major="1" minor="6" />
	<Project>
		<Option title="TESTE_SFML2" />
		<Option pch_mode="2" />
		<Option compiler="gcc" />
		<Build>
			<Target title="Debug">
				<Option output="bin/Debug/TESTE_SFML2" prefix_auto="1" extension_auto="1" />
				<Option object_output="obj/Debug/" />
				<Option type="1" />
				<Option compiler="gcc" />
				<Compiler>
					<Add option="-g" />
				</Compiler>
				<Linker>
					<Add library="sfml-graphics-d" />
					<Add library="sfml-window-d" />
					<Add library="sfml-system-d" />
				</Linker>
			</Target>
			<Target title="Release">
				<Option output="bin/Release/TESTE_SFML2" prefix_auto="1" extension_auto="1" />
				<Option object_output="obj/Release/" />
				<Option type="1" />
				<Option compiler="gcc" />
				<Compiler>
					<Add option="-O2" />
				</Compiler>
				<Linker>
					<Add option="-s" />
					<Add library="sfml-graphics" />
					<Add library="sfml-window" />
					<Add library="sfml-system" />
				</Linker>
			</Target>
		</Build>
		<Compiler>
			<Add option="-Wall" />
			<Add directory="../../SFML-2.5.1/include" />
		</Compiler>
		<Linker>
			<Add directory="../../SFML-2.5.1/lib" />
		</Linker>
		<Unit filename="Ente.cpp" />
		<Unit filename="Ente.h" />
		<Unit filename="Entidades/Entidade.cpp" />
		<Unit filename="Entidades/Entidade.h" />
		<Unit filename="Entidades/Obstaculos/Caixa.cpp" />
		<Unit filename="Entidades/Obstaculos/Caixa.h" />
		<Unit filename="Entidades/Obstaculos/Espinhos.cpp" />
		<Unit filename="Entidades/Obstaculos/Espinhos.h" />
		<Unit filename="Entidades/Obstaculos/Obstaculo.cpp" />
		<Unit filename="Entidades/Obstaculos/Obstaculo.h" />
		<Unit filename="Entidades/Obstaculos/Plataforma.cpp" />
		<Unit filename="Entidades/Obstaculos/Plataforma.h" />
		<Unit filename="Entidades/Personagens/Cachorro.cpp" />
		<Unit filename="Entidades/Personagens/Cachorro.h" />
		<Unit filename="Entidades/Personagens/Inimigo.cpp" />
		<Unit filename="Entidades/Personagens/Inimigo.h" />
		<Unit filename="Entidades/Personagens/Jogador.cpp" />
		<Unit filename="Entidades/Personagens/Jogador.h" />
		<Unit filename="Entidades/Personagens/Lenhador.cpp" />
		<Unit filename="Entidades/Personagens/Lenhador.h" />
		<Unit filename="Entidades/Personagens/Personagem.cpp" />
		<Unit filename="Entidades/Personagens/Personagem.h" />
		<Unit filename="Entidades/Personagens/Soldado.cpp" />
		<Unit filename="Entidades/Personagens/Soldado.h" />
		<Unit filename="Fases/Fase.cpp" />
		<Unit filename="Fases/Fase.h" />
		<Unit filename="Fases/Fase1.cpp" />
		<Unit filename="Fases/Fase1.h" />
		<Unit filename="Fases/Fase2.cpp" />
		<Unit filename="Fases/Fase2.h" />
		<Unit filename="Gerenciadores/GerenciadorEvento.cpp" />
		<Unit filename="Gerenciadores/GerenciadorEvento.h" />
		<Unit filename="Gerenciadores/GerenciadorGrafico.cpp" />
		<Unit filename="Gerenciadores/GerenciadorGrafico.h" />
		<Unit filename="Gerenciadores/Gerenciador_Colisoes.cpp" />
		<Unit filename="Gerenciadores/Gerenciador_Colisoes.h" />
		<Unit filename="Listas/Lista.h" />
		<Unit filename="Listas/ListaEntidades.cpp" />
		<Unit filename="Listas/ListaEntidades.h" />
		<Unit filename="Principal.cpp" />
		<Unit filename="Principal.h" />
		<Unit filename="main.cpp" />
		<Unit filename="stdafx.h" />
		<Extensions>
			<code_completion />
			<envvars />
			<debugger />
			<lib_finder disable_auto="1" />
		</Extensions>
	</Project>
</CodeBlocks_project_file>
